
Microsoft Visual Studio Solution File, Format Version 12.00
# Visual Studio Version 17
VisualStudioVersion = 17.7.34221.43
MinimumVisualStudioVersion = 10.0.40219.1
Project("{FAE04EC0-301F-11D3-BF4B-00C04F79EFBC}") = "Lopushok", "Lopushok\Lopushok.csproj", "{FDADB52A-95CD-4588-A3A9-292F05AFAE34}"
EndProject
Global
	GlobalSection(SolutionConfigurationPlatforms) = preSolution
		Debug|Any CPU = Debug|Any CPU
		Release|Any CPU = Release|Any CPU
	EndGlobalSection
	GlobalSection(ProjectConfigurationPlatforms) = postSolution
		{FDADB52A-95CD-4588-A3A9-292F05AFAE34}.Debug|Any CPU.ActiveCfg = Debug|Any CPU
		{FDADB52A-95CD-4588-A3A9-292F05AFAE34}.Debug|Any CPU.Build.0 = Debug|Any CPU
		{FDADB52A-95CD-4588-A3A9-292F05AFAE34}.Release|Any CPU.ActiveCfg = Release|Any CPU
		{FDADB52A-95CD-4588-A3A9-292F05AFAE34}.Release|Any CPU.Build.0 = Release|Any CPU
	EndGlobalSection
	GlobalSection(SolutionProperties) = preSolution
		HideSolutionNode = FALSE
	EndGlobalSection
	GlobalSection(ExtensibilityGlobals) = postSolution
		SolutionGuid = {222EED89-00DA-4129-8F70-1B56E354EA04}
	EndGlobalSection
EndGlobal
